// !$*UTF8*$!
{
	archiveVersion = 1;
	classes = {
	};
	objectVersion = 46;
	objects = {

/* Begin PBXBuildFile section */
		073BDAC61BE8B031009AD26E /* main.m in Sources */ = {isa = PBXBuildFile; fileRef = 073BDAC51BE8B031009AD26E /* main.m */; };
		073BDAC91BE8B031009AD26E /* AppDelegate.m in Sources */ = {isa = PBXBuildFile; fileRef = 073BDAC81BE8B031009AD26E /* AppDelegate.m */; };
		073BDAD11BE8B031009AD26E /* Images.xcassets in Resources */ = {isa = PBXBuildFile; fileRef = 073BDAD01BE8B031009AD26E /* Images.xcassets */; };
		073BDAD41BE8B031009AD26E /* LaunchScreen.xib in Resources */ = {isa = PBXBuildFile; fileRef = 073BDAD21BE8B031009AD26E /* LaunchScreen.xib */; };
		073BDAE01BE8B031009AD26E /* BlocstagramTests.m in Sources */ = {isa = PBXBuildFile; fileRef = 073BDADF1BE8B031009AD26E /* BlocstagramTests.m */; };
		073BDAF41BE8B6E8009AD26E /* 1.jpg in Resources */ = {isa = PBXBuildFile; fileRef = 073BDAEA1BE8B6E8009AD26E /* 1.jpg */; };
		073BDAF51BE8B6E8009AD26E /* 2.jpg in Resources */ = {isa = PBXBuildFile; fileRef = 073BDAEB1BE8B6E8009AD26E /* 2.jpg */; };
		073BDAF61BE8B6E8009AD26E /* 3.jpg in Resources */ = {isa = PBXBuildFile; fileRef = 073BDAEC1BE8B6E8009AD26E /* 3.jpg */; };
		073BDAF71BE8B6E8009AD26E /* 4.jpg in Resources */ = {isa = PBXBuildFile; fileRef = 073BDAED1BE8B6E8009AD26E /* 4.jpg */; };
		073BDAF81BE8B6E8009AD26E /* 5.jpg in Resources */ = {isa = PBXBuildFile; fileRef = 073BDAEE1BE8B6E8009AD26E /* 5.jpg */; };
		073BDAF91BE8B6E8009AD26E /* 6.jpg in Resources */ = {isa = PBXBuildFile; fileRef = 073BDAEF1BE8B6E8009AD26E /* 6.jpg */; };
		073BDAFA1BE8B6E8009AD26E /* 7.jpg in Resources */ = {isa = PBXBuildFile; fileRef = 073BDAF01BE8B6E8009AD26E /* 7.jpg */; };
		073BDAFB1BE8B6E8009AD26E /* 8.jpg in Resources */ = {isa = PBXBuildFile; fileRef = 073BDAF11BE8B6E8009AD26E /* 8.jpg */; };
		073BDAFC1BE8B6E8009AD26E /* 9.jpg in Resources */ = {isa = PBXBuildFile; fileRef = 073BDAF21BE8B6E8009AD26E /* 9.jpg */; };
		073BDAFD1BE8B6E8009AD26E /* 10.jpg in Resources */ = {isa = PBXBuildFile; fileRef = 073BDAF31BE8B6E8009AD26E /* 10.jpg */; };
		07802F1D1C015DC400006A1D /* MediaFullScreenViewController.m in Sources */ = {isa = PBXBuildFile; fileRef = 07802F1C1C015DC400006A1D /* MediaFullScreenViewController.m */; };
		07A7C8C41BEA4CAB00F4B86D /* ImagesTableViewController.m in Sources */ = {isa = PBXBuildFile; fileRef = 07A7C8C31BEA4CAB00F4B86D /* ImagesTableViewController.m */; };
		07BFB7C71BF2F53700724282 /* User.m in Sources */ = {isa = PBXBuildFile; fileRef = 07BFB7C61BF2F53700724282 /* User.m */; };
		07BFB7CA1BF2F5E900724282 /* Media.m in Sources */ = {isa = PBXBuildFile; fileRef = 07BFB7C91BF2F5E900724282 /* Media.m */; };
		07BFB7CD1BF2F62E00724282 /* Comment.m in Sources */ = {isa = PBXBuildFile; fileRef = 07BFB7CC1BF2F62E00724282 /* Comment.m */; };
		07BFB7D01BF2F66700724282 /* DataSource.m in Sources */ = {isa = PBXBuildFile; fileRef = 07BFB7CF1BF2F66700724282 /* DataSource.m */; };
		07CE834B1BF2FB860015764F /* MediaTableViewCell.m in Sources */ = {isa = PBXBuildFile; fileRef = 07CE834A1BF2FB860015764F /* MediaTableViewCell.m */; };
		07D6364E1BF5C12800A9BDB9 /* LoginViewController.m in Sources */ = {isa = PBXBuildFile; fileRef = 07D6364D1BF5C12800A9BDB9 /* LoginViewController.m */; };
		5896B92C75A72C123DD50C93 /* libPods.a in Frameworks */ = {isa = PBXBuildFile; fileRef = 7AA4DC95E003E7548B1ABC39 /* libPods.a */; };
		8E1264361C118E46000209DB /* ComposeCommentView.m in Sources */ = {isa = PBXBuildFile; fileRef = 8E1264351C118E46000209DB /* ComposeCommentView.m */; };
		8E1FBFCB1C04AC4F00757CC5 /* CircleSpinnerView.m in Sources */ = {isa = PBXBuildFile; fileRef = 8E1FBFCA1C04AC4F00757CC5 /* CircleSpinnerView.m */; };
		8E1FBFD11C04B5BB00757CC5 /* LikeButton.m in Sources */ = {isa = PBXBuildFile; fileRef = 8E1FBFD01C04B5BB00757CC5 /* LikeButton.m */; };
		8EF755FE1C156E920000C7F2 /* CameraToolbar.m in Sources */ = {isa = PBXBuildFile; fileRef = 8EF755FD1C156E920000C7F2 /* CameraToolbar.m */; };
/* End PBXBuildFile section */

/* Begin PBXContainerItemProxy section */
		073BDADA1BE8B031009AD26E /* PBXContainerItemProxy */ = {
			isa = PBXContainerItemProxy;
			containerPortal = 073BDAB81BE8B031009AD26E /* Project object */;
			proxyType = 1;
			remoteGlobalIDString = 073BDABF1BE8B031009AD26E;
			remoteInfo = Blocstagram;
		};
/* End PBXContainerItemProxy section */

/* Begin PBXFileReference section */
		073BDAC01BE8B031009AD26E /* Blocstagram.app */ = {isa = PBXFileReference; explicitFileType = wrapper.application; includeInIndex = 0; path = Blocstagram.app; sourceTree = BUILT_PRODUCTS_DIR; };
		073BDAC41BE8B031009AD26E /* Info.plist */ = {isa = PBXFileReference; lastKnownFileType = text.plist.xml; path = Info.plist; sourceTree = "<group>"; };
		073BDAC51BE8B031009AD26E /* main.m */ = {isa = PBXFileReference; lastKnownFileType = sourcecode.c.objc; path = main.m; sourceTree = "<group>"; };
		073BDAC71BE8B031009AD26E /* AppDelegate.h */ = {isa = PBXFileReference; lastKnownFileType = sourcecode.c.h; path = AppDelegate.h; sourceTree = "<group>"; };
		073BDAC81BE8B031009AD26E /* AppDelegate.m */ = {isa = PBXFileReference; lastKnownFileType = sourcecode.c.objc; path = AppDelegate.m; sourceTree = "<group>"; };
		073BDAD01BE8B031009AD26E /* Images.xcassets */ = {isa = PBXFileReference; lastKnownFileType = folder.assetcatalog; path = Images.xcassets; sourceTree = "<group>"; };
		073BDAD31BE8B031009AD26E /* Base */ = {isa = PBXFileReference; lastKnownFileType = file.xib; name = Base; path = Base.lproj/LaunchScreen.xib; sourceTree = "<group>"; };
		073BDAD91BE8B031009AD26E /* BlocstagramTests.xctest */ = {isa = PBXFileReference; explicitFileType = wrapper.cfbundle; includeInIndex = 0; path = BlocstagramTests.xctest; sourceTree = BUILT_PRODUCTS_DIR; };
		073BDADE1BE8B031009AD26E /* Info.plist */ = {isa = PBXFileReference; lastKnownFileType = text.plist.xml; path = Info.plist; sourceTree = "<group>"; };
		073BDADF1BE8B031009AD26E /* BlocstagramTests.m */ = {isa = PBXFileReference; lastKnownFileType = sourcecode.c.objc; path = BlocstagramTests.m; sourceTree = "<group>"; };
		073BDAEA1BE8B6E8009AD26E /* 1.jpg */ = {isa = PBXFileReference; lastKnownFileType = image.jpeg; path = 1.jpg; sourceTree = "<group>"; };
		073BDAEB1BE8B6E8009AD26E /* 2.jpg */ = {isa = PBXFileReference; lastKnownFileType = image.jpeg; path = 2.jpg; sourceTree = "<group>"; };
		073BDAEC1BE8B6E8009AD26E /* 3.jpg */ = {isa = PBXFileReference; lastKnownFileType = image.jpeg; path = 3.jpg; sourceTree = "<group>"; };
		073BDAED1BE8B6E8009AD26E /* 4.jpg */ = {isa = PBXFileReference; lastKnownFileType = image.jpeg; path = 4.jpg; sourceTree = "<group>"; };
		073BDAEE1BE8B6E8009AD26E /* 5.jpg */ = {isa = PBXFileReference; lastKnownFileType = image.jpeg; path = 5.jpg; sourceTree = "<group>"; };
		073BDAEF1BE8B6E8009AD26E /* 6.jpg */ = {isa = PBXFileReference; lastKnownFileType = image.jpeg; path = 6.jpg; sourceTree = "<group>"; };
		073BDAF01BE8B6E8009AD26E /* 7.jpg */ = {isa = PBXFileReference; lastKnownFileType = image.jpeg; path = 7.jpg; sourceTree = "<group>"; };
		073BDAF11BE8B6E8009AD26E /* 8.jpg */ = {isa = PBXFileReference; lastKnownFileType = image.jpeg; path = 8.jpg; sourceTree = "<group>"; };
		073BDAF21BE8B6E8009AD26E /* 9.jpg */ = {isa = PBXFileReference; lastKnownFileType = image.jpeg; path = 9.jpg; sourceTree = "<group>"; };
		073BDAF31BE8B6E8009AD26E /* 10.jpg */ = {isa = PBXFileReference; lastKnownFileType = image.jpeg; path = 10.jpg; sourceTree = "<group>"; };
		07802F1B1C015DC400006A1D /* MediaFullScreenViewController.h */ = {isa = PBXFileReference; fileEncoding = 4; lastKnownFileType = sourcecode.c.h; path = MediaFullScreenViewController.h; sourceTree = "<group>"; };
		07802F1C1C015DC400006A1D /* MediaFullScreenViewController.m */ = {isa = PBXFileReference; fileEncoding = 4; lastKnownFileType = sourcecode.c.objc; path = MediaFullScreenViewController.m; sourceTree = "<group>"; };
		07A7C8C21BEA4CAB00F4B86D /* ImagesTableViewController.h */ = {isa = PBXFileReference; fileEncoding = 4; lastKnownFileType = sourcecode.c.h; path = ImagesTableViewController.h; sourceTree = "<group>"; };
		07A7C8C31BEA4CAB00F4B86D /* ImagesTableViewController.m */ = {isa = PBXFileReference; fileEncoding = 4; lastKnownFileType = sourcecode.c.objc; path = ImagesTableViewController.m; sourceTree = "<group>"; };
		07BFB7C51BF2F53700724282 /* User.h */ = {isa = PBXFileReference; fileEncoding = 4; lastKnownFileType = sourcecode.c.h; path = User.h; sourceTree = "<group>"; };
		07BFB7C61BF2F53700724282 /* User.m */ = {isa = PBXFileReference; fileEncoding = 4; lastKnownFileType = sourcecode.c.objc; path = User.m; sourceTree = "<group>"; };
		07BFB7C81BF2F5E900724282 /* Media.h */ = {isa = PBXFileReference; fileEncoding = 4; lastKnownFileType = sourcecode.c.h; path = Media.h; sourceTree = "<group>"; };
		07BFB7C91BF2F5E900724282 /* Media.m */ = {isa = PBXFileReference; fileEncoding = 4; lastKnownFileType = sourcecode.c.objc; path = Media.m; sourceTree = "<group>"; };
		07BFB7CB1BF2F62E00724282 /* Comment.h */ = {isa = PBXFileReference; fileEncoding = 4; lastKnownFileType = sourcecode.c.h; path = Comment.h; sourceTree = "<group>"; };
		07BFB7CC1BF2F62E00724282 /* Comment.m */ = {isa = PBXFileReference; fileEncoding = 4; lastKnownFileType = sourcecode.c.objc; path = Comment.m; sourceTree = "<group>"; };
		07BFB7CE1BF2F66700724282 /* DataSource.h */ = {isa = PBXFileReference; fileEncoding = 4; lastKnownFileType = sourcecode.c.h; path = DataSource.h; sourceTree = "<group>"; };
		07BFB7CF1BF2F66700724282 /* DataSource.m */ = {isa = PBXFileReference; fileEncoding = 4; lastKnownFileType = sourcecode.c.objc; path = DataSource.m; sourceTree = "<group>"; };
		07CE83491BF2FB860015764F /* MediaTableViewCell.h */ = {isa = PBXFileReference; fileEncoding = 4; lastKnownFileType = sourcecode.c.h; path = MediaTableViewCell.h; sourceTree = "<group>"; };
		07CE834A1BF2FB860015764F /* MediaTableViewCell.m */ = {isa = PBXFileReference; fileEncoding = 4; lastKnownFileType = sourcecode.c.objc; path = MediaTableViewCell.m; sourceTree = "<group>"; };
		07D6364C1BF5C12700A9BDB9 /* LoginViewController.h */ = {isa = PBXFileReference; fileEncoding = 4; lastKnownFileType = sourcecode.c.h; path = LoginViewController.h; sourceTree = "<group>"; };
		07D6364D1BF5C12800A9BDB9 /* LoginViewController.m */ = {isa = PBXFileReference; fileEncoding = 4; lastKnownFileType = sourcecode.c.objc; path = LoginViewController.m; sourceTree = "<group>"; };
		7AA4DC95E003E7548B1ABC39 /* libPods.a */ = {isa = PBXFileReference; explicitFileType = archive.ar; includeInIndex = 0; path = libPods.a; sourceTree = BUILT_PRODUCTS_DIR; };
		8CE5635007D1F986A16BCD91 /* Pods.release.xcconfig */ = {isa = PBXFileReference; includeInIndex = 1; lastKnownFileType = text.xcconfig; name = Pods.release.xcconfig; path = "Pods/Target Support Files/Pods/Pods.release.xcconfig"; sourceTree = "<group>"; };
		8E1264341C118E46000209DB /* ComposeCommentView.h */ = {isa = PBXFileReference; fileEncoding = 4; lastKnownFileType = sourcecode.c.h; path = ComposeCommentView.h; sourceTree = "<group>"; };
		8E1264351C118E46000209DB /* ComposeCommentView.m */ = {isa = PBXFileReference; fileEncoding = 4; lastKnownFileType = sourcecode.c.objc; path = ComposeCommentView.m; sourceTree = "<group>"; };
		8E1FBFC91C04AC4F00757CC5 /* CircleSpinnerView.h */ = {isa = PBXFileReference; fileEncoding = 4; lastKnownFileType = sourcecode.c.h; path = CircleSpinnerView.h; sourceTree = "<group>"; };
		8E1FBFCA1C04AC4F00757CC5 /* CircleSpinnerView.m */ = {isa = PBXFileReference; fileEncoding = 4; lastKnownFileType = sourcecode.c.objc; path = CircleSpinnerView.m; sourceTree = "<group>"; };
		8E1FBFCF1C04B5BB00757CC5 /* LikeButton.h */ = {isa = PBXFileReference; fileEncoding = 4; lastKnownFileType = sourcecode.c.h; path = LikeButton.h; sourceTree = "<group>"; };
		8E1FBFD01C04B5BB00757CC5 /* LikeButton.m */ = {isa = PBXFileReference; fileEncoding = 4; lastKnownFileType = sourcecode.c.objc; path = LikeButton.m; sourceTree = "<group>"; };
		8EF755FC1C156E920000C7F2 /* CameraToolbar.h */ = {isa = PBXFileReference; fileEncoding = 4; lastKnownFileType = sourcecode.c.h; path = CameraToolbar.h; sourceTree = "<group>"; };
		8EF755FD1C156E920000C7F2 /* CameraToolbar.m */ = {isa = PBXFileReference; fileEncoding = 4; lastKnownFileType = sourcecode.c.objc; path = CameraToolbar.m; sourceTree = "<group>"; };
		9FA09E58ACD3B38E8EA49B15 /* Pods.debug.xcconfig */ = {isa = PBXFileReference; includeInIndex = 1; lastKnownFileType = text.xcconfig; name = Pods.debug.xcconfig; path = "Pods/Target Support Files/Pods/Pods.debug.xcconfig"; sourceTree = "<group>"; };
/* End PBXFileReference section */

/* Begin PBXFrameworksBuildPhase section */
		073BDABD1BE8B031009AD26E /* Frameworks */ = {
			isa = PBXFrameworksBuildPhase;
			buildActionMask = 2147483647;
			files = (
				5896B92C75A72C123DD50C93 /* libPods.a in Frameworks */,
			);
			runOnlyForDeploymentPostprocessing = 0;
		};
		073BDAD61BE8B031009AD26E /* Frameworks */ = {
			isa = PBXFrameworksBuildPhase;
			buildActionMask = 2147483647;
			files = (
			);
			runOnlyForDeploymentPostprocessing = 0;
		};
/* End PBXFrameworksBuildPhase section */

/* Begin PBXGroup section */
		073BDAB71BE8B031009AD26E = {
			isa = PBXGroup;
			children = (
				073BDAC21BE8B031009AD26E /* Blocstagram */,
				073BDADC1BE8B031009AD26E /* BlocstagramTests */,
				073BDAC11BE8B031009AD26E /* Products */,
				48414B0D1B1061F07DFA76AE /* Pods */,
				1DE87EB7ABB55FCC332C6B9F /* Frameworks */,
			);
			sourceTree = "<group>";
		};
		073BDAC11BE8B031009AD26E /* Products */ = {
			isa = PBXGroup;
			children = (
				073BDAC01BE8B031009AD26E /* Blocstagram.app */,
				073BDAD91BE8B031009AD26E /* BlocstagramTests.xctest */,
			);
			name = Products;
			sourceTree = "<group>";
		};
		073BDAC21BE8B031009AD26E /* Blocstagram */ = {
			isa = PBXGroup;
			children = (
				073BDAE91BE8B65C009AD26E /* Images */,
				073BDAC71BE8B031009AD26E /* AppDelegate.h */,
				073BDAC81BE8B031009AD26E /* AppDelegate.m */,
				073BDAD01BE8B031009AD26E /* Images.xcassets */,
				073BDAD21BE8B031009AD26E /* LaunchScreen.xib */,
				073BDAC31BE8B031009AD26E /* Supporting Files */,
				07A7C8C21BEA4CAB00F4B86D /* ImagesTableViewController.h */,
				07A7C8C31BEA4CAB00F4B86D /* ImagesTableViewController.m */,
				07BFB7C51BF2F53700724282 /* User.h */,
				07BFB7C61BF2F53700724282 /* User.m */,
				07BFB7C81BF2F5E900724282 /* Media.h */,
				07BFB7C91BF2F5E900724282 /* Media.m */,
				07BFB7CB1BF2F62E00724282 /* Comment.h */,
				07BFB7CC1BF2F62E00724282 /* Comment.m */,
				07BFB7CE1BF2F66700724282 /* DataSource.h */,
				07BFB7CF1BF2F66700724282 /* DataSource.m */,
				07CE83491BF2FB860015764F /* MediaTableViewCell.h */,
				07CE834A1BF2FB860015764F /* MediaTableViewCell.m */,
				07D6364C1BF5C12700A9BDB9 /* LoginViewController.h */,
				07D6364D1BF5C12800A9BDB9 /* LoginViewController.m */,
				07802F1B1C015DC400006A1D /* MediaFullScreenViewController.h */,
				07802F1C1C015DC400006A1D /* MediaFullScreenViewController.m */,
				8E1FBFC91C04AC4F00757CC5 /* CircleSpinnerView.h */,
				8E1FBFCA1C04AC4F00757CC5 /* CircleSpinnerView.m */,
				8E1FBFCF1C04B5BB00757CC5 /* LikeButton.h */,
				8E1FBFD01C04B5BB00757CC5 /* LikeButton.m */,
				8E1264341C118E46000209DB /* ComposeCommentView.h */,
				8E1264351C118E46000209DB /* ComposeCommentView.m */,
				8EF755FC1C156E920000C7F2 /* CameraToolbar.h */,
				8EF755FD1C156E920000C7F2 /* CameraToolbar.m */,
			);
			path = Blocstagram;
			sourceTree = "<group>";
		};
		073BDAC31BE8B031009AD26E /* Supporting Files */ = {
			isa = PBXGroup;
			children = (
				073BDAC41BE8B031009AD26E /* Info.plist */,
				073BDAC51BE8B031009AD26E /* main.m */,
			);
			name = "Supporting Files";
			sourceTree = "<group>";
		};
		073BDADC1BE8B031009AD26E /* BlocstagramTests */ = {
			isa = PBXGroup;
			children = (
				073BDADF1BE8B031009AD26E /* BlocstagramTests.m */,
				073BDADD1BE8B031009AD26E /* Supporting Files */,
			);
			path = BlocstagramTests;
			sourceTree = "<group>";
		};
		073BDADD1BE8B031009AD26E /* Supporting Files */ = {
			isa = PBXGroup;
			children = (
				073BDADE1BE8B031009AD26E /* Info.plist */,
			);
			name = "Supporting Files";
			sourceTree = "<group>";
		};
		073BDAE91BE8B65C009AD26E /* Images */ = {
			isa = PBXGroup;
			children = (
				073BDAEA1BE8B6E8009AD26E /* 1.jpg */,
				073BDAEB1BE8B6E8009AD26E /* 2.jpg */,
				073BDAEC1BE8B6E8009AD26E /* 3.jpg */,
				073BDAED1BE8B6E8009AD26E /* 4.jpg */,
				073BDAEE1BE8B6E8009AD26E /* 5.jpg */,
				073BDAEF1BE8B6E8009AD26E /* 6.jpg */,
				073BDAF01BE8B6E8009AD26E /* 7.jpg */,
				073BDAF11BE8B6E8009AD26E /* 8.jpg */,
				073BDAF21BE8B6E8009AD26E /* 9.jpg */,
				073BDAF31BE8B6E8009AD26E /* 10.jpg */,
			);
			name = Images;
			sourceTree = "<group>";
		};
		1DE87EB7ABB55FCC332C6B9F /* Frameworks */ = {
			isa = PBXGroup;
			children = (
				7AA4DC95E003E7548B1ABC39 /* libPods.a */,
			);
			name = Frameworks;
			sourceTree = "<group>";
		};
		48414B0D1B1061F07DFA76AE /* Pods */ = {
			isa = PBXGroup;
			children = (
				9FA09E58ACD3B38E8EA49B15 /* Pods.debug.xcconfig */,
				8CE5635007D1F986A16BCD91 /* Pods.release.xcconfig */,
			);
			name = Pods;
			sourceTree = "<group>";
		};
/* End PBXGroup section */

/* Begin PBXNativeTarget section */
		073BDABF1BE8B031009AD26E /* Blocstagram */ = {
			isa = PBXNativeTarget;
			buildConfigurationList = 073BDAE31BE8B031009AD26E /* Build configuration list for PBXNativeTarget "Blocstagram" */;
			buildPhases = (
				943640DF460F39E9D7A046D8 /* Check Pods Manifest.lock */,
				073BDABC1BE8B031009AD26E /* Sources */,
				073BDABD1BE8B031009AD26E /* Frameworks */,
				073BDABE1BE8B031009AD26E /* Resources */,
				9AB6F778187A3E054E088074 /* Embed Pods Frameworks */,
				DE9A23F28057E31F93023894 /* Copy Pods Resources */,
			);
			buildRules = (
			);
			dependencies = (
			);
			name = Blocstagram;
			productName = Blocstagram;
			productReference = 073BDAC01BE8B031009AD26E /* Blocstagram.app */;
			productType = "com.apple.product-type.application";
		};
		073BDAD81BE8B031009AD26E /* BlocstagramTests */ = {
			isa = PBXNativeTarget;
			buildConfigurationList = 073BDAE61BE8B031009AD26E /* Build configuration list for PBXNativeTarget "BlocstagramTests" */;
			buildPhases = (
				073BDAD51BE8B031009AD26E /* Sources */,
				073BDAD61BE8B031009AD26E /* Frameworks */,
				073BDAD71BE8B031009AD26E /* Resources */,
			);
			buildRules = (
			);
			dependencies = (
				073BDADB1BE8B031009AD26E /* PBXTargetDependency */,
			);
			name = BlocstagramTests;
			productName = BlocstagramTests;
			productReference = 073BDAD91BE8B031009AD26E /* BlocstagramTests.xctest */;
			productType = "com.apple.product-type.bundle.unit-test";
		};
/* End PBXNativeTarget section */

/* Begin PBXProject section */
		073BDAB81BE8B031009AD26E /* Project object */ = {
			isa = PBXProject;
			attributes = {
				LastUpgradeCheck = 0610;
				ORGANIZATIONNAME = "Carlos Calderon";
				TargetAttributes = {
					073BDABF1BE8B031009AD26E = {
						CreatedOnToolsVersion = 6.1.1;
					};
					073BDAD81BE8B031009AD26E = {
						CreatedOnToolsVersion = 6.1.1;
						TestTargetID = 073BDABF1BE8B031009AD26E;
					};
				};
			};
			buildConfigurationList = 073BDABB1BE8B031009AD26E /* Build configuration list for PBXProject "Blocstagram" */;
			compatibilityVersion = "Xcode 3.2";
			developmentRegion = English;
			hasScannedForEncodings = 0;
			knownRegions = (
				en,
				Base,
			);
			mainGroup = 073BDAB71BE8B031009AD26E;
			productRefGroup = 073BDAC11BE8B031009AD26E /* Products */;
			projectDirPath = "";
			projectRoot = "";
			targets = (
				073BDABF1BE8B031009AD26E /* Blocstagram */,
				073BDAD81BE8B031009AD26E /* BlocstagramTests */,
			);
		};
/* End PBXProject section */

/* Begin PBXResourcesBuildPhase section */
		073BDABE1BE8B031009AD26E /* Resources */ = {
			isa = PBXResourcesBuildPhase;
			buildActionMask = 2147483647;
			files = (
				073BDAFD1BE8B6E8009AD26E /* 10.jpg in Resources */,
				073BDAFB1BE8B6E8009AD26E /* 8.jpg in Resources */,
				073BDAF91BE8B6E8009AD26E /* 6.jpg in Resources */,
				073BDAF81BE8B6E8009AD26E /* 5.jpg in Resources */,
				073BDAF71BE8B6E8009AD26E /* 4.jpg in Resources */,
				073BDAF41BE8B6E8009AD26E /* 1.jpg in Resources */,
				073BDAF51BE8B6E8009AD26E /* 2.jpg in Resources */,
				073BDAF61BE8B6E8009AD26E /* 3.jpg in Resources */,
				073BDAFA1BE8B6E8009AD26E /* 7.jpg in Resources */,
				073BDAFC1BE8B6E8009AD26E /* 9.jpg in Resources */,
				073BDAD41BE8B031009AD26E /* LaunchScreen.xib in Resources */,
				073BDAD11BE8B031009AD26E /* Images.xcassets in Resources */,
			);
			runOnlyForDeploymentPostprocessing = 0;
		};
		073BDAD71BE8B031009AD26E /* Resources */ = {
			isa = PBXResourcesBuildPhase;
			buildActionMask = 2147483647;
			files = (
			);
			runOnlyForDeploymentPostprocessing = 0;
		};
/* End PBXResourcesBuildPhase section */

/* Begin PBXShellScriptBuildPhase section */
		943640DF460F39E9D7A046D8 /* Check Pods Manifest.lock */ = {
			isa = PBXShellScriptBuildPhase;
			buildActionMask = 2147483647;
			files = (
			);
			inputPaths = (
			);
			name = "Check Pods Manifest.lock";
			outputPaths = (
			);
			runOnlyForDeploymentPostprocessing = 0;
			shellPath = /bin/sh;
			shellScript = "diff \"${PODS_ROOT}/../Podfile.lock\" \"${PODS_ROOT}/Manifest.lock\" > /dev/null\nif [[ $? != 0 ]] ; then\n    cat << EOM\nerror: The sandbox is not in sync with the Podfile.lock. Run 'pod install' or update your CocoaPods installation.\nEOM\n    exit 1\nfi\n";
			showEnvVarsInLog = 0;
		};
		9AB6F778187A3E054E088074 /* Embed Pods Frameworks */ = {
			isa = PBXShellScriptBuildPhase;
			buildActionMask = 2147483647;
			files = (
			);
			inputPaths = (
			);
			name = "Embed Pods Frameworks";
			outputPaths = (
			);
			runOnlyForDeploymentPostprocessing = 0;
			shellPath = /bin/sh;
			shellScript = "\"${SRCROOT}/Pods/Target Support Files/Pods/Pods-frameworks.sh\"\n";
			showEnvVarsInLog = 0;
		};
		DE9A23F28057E31F93023894 /* Copy Pods Resources */ = {
			isa = PBXShellScriptBuildPhase;
			buildActionMask = 2147483647;
			files = (
			);
			inputPaths = (
			);
			name = "Copy Pods Resources";
			outputPaths = (
			);
			runOnlyForDeploymentPostprocessing = 0;
			shellPath = /bin/sh;
			shellScript = "\"${SRCROOT}/Pods/Target Support Files/Pods/Pods-resources.sh\"\n";
			showEnvVarsInLog = 0;
		};
/* End PBXShellScriptBuildPhase section */

/* Begin PBXSourcesBuildPhase section */
		073BDABC1BE8B031009AD26E /* Sources */ = {
			isa = PBXSourcesBuildPhase;
			buildActionMask = 2147483647;
			files = (
				07802F1D1C015DC400006A1D /* MediaFullScreenViewController.m in Sources */,
				8E1FBFCB1C04AC4F00757CC5 /* CircleSpinnerView.m in Sources */,
				07BFB7C71BF2F53700724282 /* User.m in Sources */,
				07BFB7CD1BF2F62E00724282 /* Comment.m in Sources */,
				07CE834B1BF2FB860015764F /* MediaTableViewCell.m in Sources */,
				07BFB7CA1BF2F5E900724282 /* Media.m in Sources */,
				8EF755FE1C156E920000C7F2 /* CameraToolbar.m in Sources */,
				073BDAC91BE8B031009AD26E /* AppDelegate.m in Sources */,
				07D6364E1BF5C12800A9BDB9 /* LoginViewController.m in Sources */,
				8E1FBFD11C04B5BB00757CC5 /* LikeButton.m in Sources */,
				07BFB7D01BF2F66700724282 /* DataSource.m in Sources */,
				8E1264361C118E46000209DB /* ComposeCommentView.m in Sources */,
				073BDAC61BE8B031009AD26E /* main.m in Sources */,
				07A7C8C41BEA4CAB00F4B86D /* ImagesTableViewController.m in Sources */,
			);
			runOnlyForDeploymentPostprocessing = 0;
		};
		073BDAD51BE8B031009AD26E /* Sources */ = {
			isa = PBXSourcesBuildPhase;
			buildActionMask = 2147483647;
			files = (
				073BDAE01BE8B031009AD26E /* BlocstagramTests.m in Sources */,
			);
			runOnlyForDeploymentPostprocessing = 0;
		};
/* End PBXSourcesBuildPhase section */

/* Begin PBXTargetDependency section */
		073BDADB1BE8B031009AD26E /* PBXTargetDependency */ = {
			isa = PBXTargetDependency;
			target = 073BDABF1BE8B031009AD26E /* Blocstagram */;
			targetProxy = 073BDADA1BE8B031009AD26E /* PBXContainerItemProxy */;
		};
/* End PBXTargetDependency section */

/* Begin PBXVariantGroup section */
		073BDAD21BE8B031009AD26E /* LaunchScreen.xib */ = {
			isa = PBXVariantGroup;
			children = (
				073BDAD31BE8B031009AD26E /* Base */,
			);
			name = LaunchScreen.xib;
			sourceTree = "<group>";
		};
/* End PBXVariantGroup section */

/* Begin XCBuildConfiguration section */
		073BDAE11BE8B031009AD26E /* Debug */ = {
			isa = XCBuildConfiguration;
			buildSettings = {
				ALWAYS_SEARCH_USER_PATHS = NO;
				CLANG_CXX_LANGUAGE_STANDARD = "gnu++0x";
				CLANG_CXX_LIBRARY = "libc++";
				CLANG_ENABLE_MODULES = YES;
				CLANG_ENABLE_OBJC_ARC = YES;
				CLANG_WARN_BOOL_CONVERSION = YES;
				CLANG_WARN_CONSTANT_CONVERSION = YES;
				CLANG_WARN_DIRECT_OBJC_ISA_USAGE = YES_ERROR;
				CLANG_WARN_EMPTY_BODY = YES;
				CLANG_WARN_ENUM_CONVERSION = YES;
				CLANG_WARN_INT_CONVERSION = YES;
				CLANG_WARN_OBJC_ROOT_CLASS = YES_ERROR;
				CLANG_WARN_UNREACHABLE_CODE = YES;
				CLANG_WARN__DUPLICATE_METHOD_MATCH = YES;
				"CODE_SIGN_IDENTITY[sdk=iphoneos*]" = "iPhone Developer";
				COPY_PHASE_STRIP = NO;
				ENABLE_STRICT_OBJC_MSGSEND = YES;
				GCC_C_LANGUAGE_STANDARD = gnu99;
				GCC_DYNAMIC_NO_PIC = NO;
				GCC_OPTIMIZATION_LEVEL = 0;
				GCC_PREPROCESSOR_DEFINITIONS = (
					"DEBUG=1",
					"$(inherited)",
				);
				GCC_SYMBOLS_PRIVATE_EXTERN = NO;
				GCC_WARN_64_TO_32_BIT_CONVERSION = YES;
				GCC_WARN_ABOUT_RETURN_TYPE = YES_ERROR;
				GCC_WARN_UNDECLARED_SELECTOR = YES;
				GCC_WARN_UNINITIALIZED_AUTOS = YES_AGGRESSIVE;
				GCC_WARN_UNUSED_FUNCTION = YES;
				GCC_WARN_UNUSED_VARIABLE = YES;
				IPHONEOS_DEPLOYMENT_TARGET = 8.1;
				MTL_ENABLE_DEBUG_INFO = YES;
				ONLY_ACTIVE_ARCH = YES;
				SDKROOT = iphoneos;
				TARGETED_DEVICE_FAMILY = "1,2";
			};
			name = Debug;
		};
		073BDAE21BE8B031009AD26E /* Release */ = {
			isa = XCBuildConfiguration;
			buildSettings = {
				ALWAYS_SEARCH_USER_PATHS = NO;
				CLANG_CXX_LANGUAGE_STANDARD = "gnu++0x";
				CLANG_CXX_LIBRARY = "libc++";
				CLANG_ENABLE_MODULES = YES;
				CLANG_ENABLE_OBJC_ARC = YES;
				CLANG_WARN_BOOL_CONVERSION = YES;
				CLANG_WARN_CONSTANT_CONVERSION = YES;
				CLANG_WARN_DIRECT_OBJC_ISA_USAGE = YES_ERROR;
				CLANG_WARN_EMPTY_BODY = YES;
				CLANG_WARN_ENUM_CONVERSION = YES;
				CLANG_WARN_INT_CONVERSION = YES;
				CLANG_WARN_OBJC_ROOT_CLASS = YES_ERROR;
				CLANG_WARN_UNREACHABLE_CODE = YES;
				CLANG_WARN__DUPLICATE_METHOD_MATCH = YES;
				"CODE_SIGN_IDENTITY[sdk=iphoneos*]" = "iPhone Developer";
				COPY_PHASE_STRIP = YES;
				ENABLE_NS_ASSERTIONS = NO;
				ENABLE_STRICT_OBJC_MSGSEND = YES;
				GCC_C_LANGUAGE_STANDARD = gnu99;
				GCC_WARN_64_TO_32_BIT_CONVERSION = YES;
				GCC_WARN_ABOUT_RETURN_TYPE = YES_ERROR;
				GCC_WARN_UNDECLARED_SELECTOR = YES;
				GCC_WARN_UNINITIALIZED_AUTOS = YES_AGGRESSIVE;
				GCC_WARN_UNUSED_FUNCTION = YES;
				GCC_WARN_UNUSED_VARIABLE = YES;
				IPHONEOS_DEPLOYMENT_TARGET = 8.1;
				MTL_ENABLE_DEBUG_INFO = NO;
				SDKROOT = iphoneos;
				TARGETED_DEVICE_FAMILY = "1,2";
				VALIDATE_PRODUCT = YES;
			};
			name = Release;
		};
		073BDAE41BE8B031009AD26E /* Debug */ = {
			isa = XCBuildConfiguration;
			baseConfigurationReference = 9FA09E58ACD3B38E8EA49B15 /* Pods.debug.xcconfig */;
			buildSettings = {
				ASSETCATALOG_COMPILER_APPICON_NAME = AppIcon;
				INFOPLIST_FILE = Blocstagram/Info.plist;
				IPHONEOS_DEPLOYMENT_TARGET = 8.1;
				LD_RUNPATH_SEARCH_PATHS = "$(inherited) @executable_path/Frameworks";
				PRODUCT_NAME = "$(TARGET_NAME)";
			};
			name = Debug;
		};
		073BDAE51BE8B031009AD26E /* Release */ = {
			isa = XCBuildConfiguration;
			baseConfigurationReference = 8CE5635007D1F986A16BCD91 /* Pods.release.xcconfig */;
			buildSettings = {
				ASSETCATALOG_COMPILER_APPICON_NAME = AppIcon;
				INFOPLIST_FILE = Blocstagram/Info.plist;
				IPHONEOS_DEPLOYMENT_TARGET = 8.1;
				LD_RUNPATH_SEARCH_PATHS = "$(inherited) @executable_path/Frameworks";
				PRODUCT_NAME = "$(TARGET_NAME)";
			};
			name = Release;
		};
		073BDAE71BE8B031009AD26E /* Debug */ = {
			isa = XCBuildConfiguration;
			buildSettings = {
				BUNDLE_LOADER = "$(TEST_HOST)";
				FRAMEWORK_SEARCH_PATHS = (
					"$(SDKROOT)/Developer/Library/Frameworks",
					"$(inherited)",
				);
				GCC_PREPROCESSOR_DEFINITIONS = (
					"DEBUG=1",
					"$(inherited)",
				);
				INFOPLIST_FILE = BlocstagramTests/Info.plist;
				LD_RUNPATH_SEARCH_PATHS = "$(inherited) @executable_path/Frameworks @loader_path/Frameworks";
				PRODUCT_NAME = "$(TARGET_NAME)";
				TEST_HOST = "$(BUILT_PRODUCTS_DIR)/Blocstagram.app/Blocstagram";
			};
			name = Debug;
		};
		073BDAE81BE8B031009AD26E /* Release */ = {
			isa = XCBuildConfiguration;
			buildSettings = {
				BUNDLE_LOADER = "$(TEST_HOST)";
				FRAMEWORK_SEARCH_PATHS = (
					"$(SDKROOT)/Developer/Library/Frameworks",
					"$(inherited)",
				);
				INFOPLIST_FILE = BlocstagramTests/Info.plist;
				LD_RUNPATH_SEARCH_PATHS = "$(inherited) @executable_path/Frameworks @loader_path/Frameworks";
				PRODUCT_NAME = "$(TARGET_NAME)";
				TEST_HOST = "$(BUILT_PRODUCTS_DIR)/Blocstagram.app/Blocstagram";
			};
			name = Release;
		};
/* End XCBuildConfiguration section */

/* Begin XCConfigurationList section */
		073BDABB1BE8B031009AD26E /* Build configuration list for PBXProject "Blocstagram" */ = {
			isa = XCConfigurationList;
			buildConfigurations = (
				073BDAE11BE8B031009AD26E /* Debug */,
				073BDAE21BE8B031009AD26E /* Release */,
			);
			defaultConfigurationIsVisible = 0;
			defaultConfigurationName = Release;
		};
		073BDAE31BE8B031009AD26E /* Build configuration list for PBXNativeTarget "Blocstagram" */ = {
			isa = XCConfigurationList;
			buildConfigurations = (
				073BDAE41BE8B031009AD26E /* Debug */,
				073BDAE51BE8B031009AD26E /* Release */,
			);
			defaultConfigurationIsVisible = 0;
			defaultConfigurationName = Release;
		};
		073BDAE61BE8B031009AD26E /* Build configuration list for PBXNativeTarget "BlocstagramTests" */ = {
			isa = XCConfigurationList;
			buildConfigurations = (
				073BDAE71BE8B031009AD26E /* Debug */,
				073BDAE81BE8B031009AD26E /* Release */,
			);
			defaultConfigurationIsVisible = 0;
			defaultConfigurationName = Release;
		};
/* End XCConfigurationList section */
	};
	rootObject = 073BDAB81BE8B031009AD26E /* Project object */;
}
